
Microsoft Visual Studio Solution File, Format Version 12.00
# Visual Studio Version 17
VisualStudioVersion = 17.8.34525.116
MinimumVisualStudioVersion = 10.0.40219.1
Project("{FAE04EC0-301F-11D3-BF4B-00C04F79EFBC}") = "GymTraining", "GymTraining\GymTraining.csproj", "{A68AE721-B9B5-49B3-A907-C3E8D9C876DE}"
EndProject
Global
	GlobalSection(SolutionConfigurationPlatforms) = preSolution
		Debug|Any CPU = Debug|Any CPU
		Release|Any CPU = Release|Any CPU
	EndGlobalSection
	GlobalSection(ProjectConfigurationPlatforms) = postSolution
		{A68AE721-B9B5-49B3-A907-C3E8D9C876DE}.Debug|Any CPU.ActiveCfg = Debug|Any CPU
		{A68AE721-B9B5-49B3-A907-C3E8D9C876DE}.Debug|Any CPU.Build.0 = Debug|Any CPU
		{A68AE721-B9B5-49B3-A907-C3E8D9C876DE}.Release|Any CPU.ActiveCfg = Release|Any CPU
		{A68AE721-B9B5-49B3-A907-C3E8D9C876DE}.Release|Any CPU.Build.0 = Release|Any CPU
	EndGlobalSection
	GlobalSection(SolutionProperties) = preSolution
		HideSolutionNode = FALSE
	EndGlobalSection
	GlobalSection(ExtensibilityGlobals) = postSolution
		SolutionGuid = {CDDDEF00-A08E-4719-98CB-59F5E5B22088}
	EndGlobalSection
EndGlobal
